{
  "name": "leonetnin.github.io",
  "lockfileVersion": 3,
  "requires": true,
  "packages": {
    "": {
      "dependencies": {
        "node": "^20.19.5"
      },
      "devDependencies": {
        "@types/node": "^24.3.1"
      }
    },
    "node_modules/@types/node": {
      "version": "24.3.1",
      "resolved": "https://registry.npmjs.org/@types/node/-/node-24.3.1.tgz",
      "integrity": "sha512-3vXmQDXy+woz+gnrTvuvNrPzekOi+Ds0ReMxw0LzBiK3a+1k0kQn9f2NWk+lgD4rJehFUmYy2gMhJ2ZI+7YP9g==",
      "dev": true,
      "dependencies": {
        "undici-types": "~7.10.0"
      }
    },
    "node_modules/node": {
      "version": "20.19.5",
      "resolved": "https://registry.npmjs.org/node/-/node-20.19.5.tgz",
      "integrity": "sha512-9fJOHEP8AVrwpbhlUxnbudW8IbkseQVxl4yNQyI/rDfP+gNwKEmfPtBc/Luyf677i5Y0HKIBHiApiB9S9vvxKw==",
      "hasInstallScript": true,
      "dependencies": {
        "node-bin-setup": "^1.0.0"
      },
      "bin": {
        "node": "bin/node"
      },
      "engines": {
        "npm": ">=5.0.0"
      }
    },
    "node_modules/node-bin-setup": {
      "version": "1.1.4",
      "resolved": "https://registry.npmjs.org/node-bin-setup/-/node-bin-setup-1.1.4.tgz",
      "integrity": "sha512-vWNHOne0ZUavArqPP5LJta50+S8R261Fr5SvGul37HbEDcowvLjwdvd0ZeSr0r2lTSrPxl6okq9QUw8BFGiAxA=="
    },
    "node_modules/undici-types": {
      "version": "7.10.0",
      "resolved": "https://registry.npmjs.org/undici-types/-/undici-types-7.10.0.tgz",
      "integrity": "sha512-t5Fy/nfn+14LuOc2KNYg75vZqClpAiqscVvMygNnlsHBFpSXdJaYtXMcdNLpl/Qvc3P2cB3s6lOV51nqsFq4ag==",
      "dev": true
    }
  }
}
